Microsoft Visual Studio Solution File, Format Version 12.00
# Visual Studio Version 17
VisualStudioVersion = 17.5.2.0
MinimumVisualStudioVersion = 10.0.40219.1
Project("{FAE04EC0-301F-11D3-BF4B-00C04F79EFBC}") = "MenuApiV2", "MenuApiV2\MenuApiV2.csproj", "{4FF32946-3FE8-9AF7-1ADE-A2A8997B9110}"
EndProject
Global
	GlobalSection(SolutionConfigurationPlatforms) = preSolution
		Debug|Any CPU = Debug|Any CPU
		Release|Any CPU = Release|Any CPU
	EndGlobalSection
	GlobalSection(ProjectConfigurationPlatforms) = postSolution
		{4FF32946-3FE8-9AF7-1ADE-A2A8997B9110}.Debug|Any CPU.ActiveCfg = Debug|Any CPU
		{4FF32946-3FE8-9AF7-1ADE-A2A8997B9110}.Debug|Any CPU.Build.0 = Debug|Any CPU
		{4FF32946-3FE8-9AF7-1ADE-A2A8997B9110}.Release|Any CPU.ActiveCfg = Release|Any CPU
		{4FF32946-3FE8-9AF7-1ADE-A2A8997B9110}.Release|Any CPU.Build.0 = Release|Any CPU
	EndGlobalSection
	GlobalSection(SolutionProperties) = preSolution
		HideSolutionNode = FALSE
	EndGlobalSection
	GlobalSection(ExtensibilityGlobals) = postSolution
		SolutionGuid = {CE2442D3-D1A1-441B-9FD1-7172E24D3C01}
	EndGlobalSection
EndGlobal
