Microsoft Visual Studio Solution File, Format Version 12.00
# Visual Studio Version 17
VisualStudioVersion = 17.5.2.0
MinimumVisualStudioVersion = 10.0.40219.1
Project("{FAE04EC0-301F-11D3-BF4B-00C04F79EFBC}") = "MenuApiV2", "MenuApiV2.csproj", "{EF2DA8DB-C543-E0F0-8E6D-8E9C7B8971D1}"
EndProject
Global
	GlobalSection(SolutionConfigurationPlatforms) = preSolution
		Debug|Any CPU = Debug|Any CPU
		Release|Any CPU = Release|Any CPU
	EndGlobalSection
	GlobalSection(ProjectConfigurationPlatforms) = postSolution
		{EF2DA8DB-C543-E0F0-8E6D-8E9C7B8971D1}.Debug|Any CPU.ActiveCfg = Debug|Any CPU
		{EF2DA8DB-C543-E0F0-8E6D-8E9C7B8971D1}.Debug|Any CPU.Build.0 = Debug|Any CPU
		{EF2DA8DB-C543-E0F0-8E6D-8E9C7B8971D1}.Release|Any CPU.ActiveCfg = Release|Any CPU
		{EF2DA8DB-C543-E0F0-8E6D-8E9C7B8971D1}.Release|Any CPU.Build.0 = Release|Any CPU
	EndGlobalSection
	GlobalSection(SolutionProperties) = preSolution
		HideSolutionNode = FALSE
	EndGlobalSection
	GlobalSection(ExtensibilityGlobals) = postSolution
		SolutionGuid = {17EEF27C-3429-4A60-BD12-274C85D3856D}
	EndGlobalSection
EndGlobal
